<?xml version="1.0" encoding="utf-8"?>
<Project ToolsVersion="4.0" xmlns="http://schemas.microsoft.com/developer/msbuild/2003">
  <ItemGroup>
    <Filter Include="소스 파일">
      <UniqueIdentifier>{4FC737F1-C7A5-4376-A066-2A32D752A2FF}</UniqueIdentifier>
      <Extensions>cpp;c;cc;cxx;c++;def;odl;idl;hpj;bat;asm;asmx</Extensions>
    </Filter>
    <Filter Include="헤더 파일">
      <UniqueIdentifier>{93995380-89BD-4b04-88EB-625FBE52EBFB}</UniqueIdentifier>
      <Extensions>h;hh;hpp;hxx;h++;hm;inl;inc;ipp;xsd</Extensions>
    </Filter>
    <Filter Include="리소스 파일">
      <UniqueIdentifier>{67DA6AB6-F800-4c08-8B7A-83BB121AAD01}</UniqueIdentifier>
      <Extensions>rc;ico;cur;bmp;dlg;rc2;rct;bin;rgs;gif;jpg;jpeg;jpe;resx;tiff;tif;png;wav;mfcribbon-ms</Extensions>
    </Filter>
    <Filter Include="Program">
      <UniqueIdentifier>{c23188ed-e87b-471f-8147-f6e86d862826}</UniqueIdentifier>
    </Filter>
    <Filter Include="Framework">
      <UniqueIdentifier>{e1679768-f76e-456f-8009-66fd8df4cf45}</UniqueIdentifier>
    </Filter>
    <Filter Include="GameObject">
      <UniqueIdentifier>{3f3bf175-7137-429d-a0c9-068250f3a681}</UniqueIdentifier>
    </Filter>
    <Filter Include="Scene">
      <UniqueIdentifier>{1b870f9d-f6ef-406a-af3e-3a359e34f718}</UniqueIdentifier>
    </Filter>
    <Filter Include="Framework\Utility">
      <UniqueIdentifier>{d6a36711-236e-4232-9520-560fa12b1845}</UniqueIdentifier>
    </Filter>
    <Filter Include="Framework\Texture">
      <UniqueIdentifier>{2191d7df-3e2b-4e77-a800-dead5a2cade6}</UniqueIdentifier>
    </Filter>
    <Filter Include="Framework\Object">
      <UniqueIdentifier>{48ef473f-f630-4d5f-8a72-ec6363b9f9c1}</UniqueIdentifier>
    </Filter>
    <Filter Include="GameObject\Eri">
      <UniqueIdentifier>{ff85f9e5-7334-4b7d-b1e0-16706e0c17d8}</UniqueIdentifier>
    </Filter>
    <Filter Include="GameObject\Eri\Bullet">
      <UniqueIdentifier>{3741850e-5a32-41aa-a788-83572d78ba02}</UniqueIdentifier>
    </Filter>
    <Filter Include="GameObject\Enemy">
      <UniqueIdentifier>{c193f858-c5bd-426f-bcbe-161b8d480af5}</UniqueIdentifier>
    </Filter>
  </ItemGroup>
  <ItemGroup>
    <ClInclude Include="targetver.h">
      <Filter>헤더 파일</Filter>
    </ClInclude>
    <ClInclude Include="Resource.h">
      <Filter>헤더 파일</Filter>
    </ClInclude>
    <ClInclude Include="winAPI Portfolio.h">
      <Filter>헤더 파일</Filter>
    </ClInclude>
    <ClInclude Include="Framework.h">
      <Filter>헤더 파일</Filter>
    </ClInclude>
    <ClInclude Include="Program.h">
      <Filter>Program</Filter>
    </ClInclude>
    <ClInclude Include="Animation.h">
      <Filter>Framework\Texture</Filter>
    </ClInclude>
    <ClInclude Include="Bitmap.h">
      <Filter>Framework\Texture</Filter>
    </ClInclude>
    <ClInclude Include="Texture.h">
      <Filter>Framework\Texture</Filter>
    </ClInclude>
    <ClInclude Include="TextureManager.h">
      <Filter>Framework\Texture</Filter>
    </ClInclude>
    <ClInclude Include="TextureRect.h">
      <Filter>Framework\Texture</Filter>
    </ClInclude>
    <ClInclude Include="Scene.h">
      <Filter>Scene</Filter>
    </ClInclude>
    <ClInclude Include="Circle.h">
      <Filter>Framework\Object</Filter>
    </ClInclude>
    <ClInclude Include="Line.h">
      <Filter>Framework\Object</Filter>
    </ClInclude>
    <ClInclude Include="Object.h">
      <Filter>Framework\Object</Filter>
    </ClInclude>
    <ClInclude Include="Point.h">
      <Filter>Framework\Object</Filter>
    </ClInclude>
    <ClInclude Include="Rect.h">
      <Filter>Framework\Object</Filter>
    </ClInclude>
    <ClInclude Include="Vector2.h">
      <Filter>Framework\Object</Filter>
    </ClInclude>
    <ClInclude Include="Math.h">
      <Filter>Framework\Utility</Filter>
    </ClInclude>
    <ClInclude Include="Timer.h">
      <Filter>Framework\Utility</Filter>
    </ClInclude>
    <ClInclude Include="SceneManager.h">
      <Filter>Framework\Utility</Filter>
    </ClInclude>
    <ClInclude Include="Keyboard.h">
      <Filter>Framework\Utility</Filter>
    </ClInclude>
    <ClInclude Include="GameManager.h">
      <Filter>GameObject</Filter>
    </ClInclude>
    <ClInclude Include="NormalStageScene.h">
      <Filter>Scene</Filter>
    </ClInclude>
    <ClInclude Include="Eri.h">
      <Filter>GameObject\Eri</Filter>
    </ClInclude>
    <ClInclude Include="DefaultGunBullet.h">
      <Filter>GameObject\Eri\Bullet</Filter>
    </ClInclude>
    <ClInclude Include="Bullet.h">
      <Filter>GameObject\Eri\Bullet</Filter>
    </ClInclude>
    <ClInclude Include="Weapon.h">
      <Filter>GameObject\Eri</Filter>
    </ClInclude>
  </ItemGroup>
  <ItemGroup>
    <ClCompile Include="winAPI Portfolio.cpp">
      <Filter>소스 파일</Filter>
    </ClCompile>
    <ClCompile Include="Framework.cpp">
      <Filter>소스 파일</Filter>
    </ClCompile>
    <ClCompile Include="Program.cpp">
      <Filter>Program</Filter>
    </ClCompile>
    <ClCompile Include="Timer.cpp">
      <Filter>Framework\Utility</Filter>
    </ClCompile>
    <ClCompile Include="TextureRect.cpp">
      <Filter>Framework\Texture</Filter>
    </ClCompile>
    <ClCompile Include="Texture.cpp">
      <Filter>Framework\Texture</Filter>
    </ClCompile>
    <ClCompile Include="TextureManager.cpp">
      <Filter>Framework\Texture</Filter>
    </ClCompile>
    <ClCompile Include="Bitmap.cpp">
      <Filter>Framework\Texture</Filter>
    </ClCompile>
    <ClCompile Include="Animation.cpp">
      <Filter>Framework\Texture</Filter>
    </ClCompile>
    <ClCompile Include="Keyboard.cpp">
      <Filter>Framework\Utility</Filter>
    </ClCompile>
    <ClCompile Include="Line.cpp">
      <Filter>Framework\Object</Filter>
    </ClCompile>
    <ClCompile Include="Object.cpp">
      <Filter>Framework\Object</Filter>
    </ClCompile>
    <ClCompile Include="Rect.cpp">
      <Filter>Framework\Object</Filter>
    </ClCompile>
    <ClCompile Include="Vector2.cpp">
      <Filter>Framework\Object</Filter>
    </ClCompile>
    <ClCompile Include="Circle.cpp">
      <Filter>Framework\Object</Filter>
    </ClCompile>
    <ClCompile Include="SceneManager.cpp">
      <Filter>Framework\Utility</Filter>
    </ClCompile>
    <ClCompile Include="Math.cpp">
      <Filter>Framework\Utility</Filter>
    </ClCompile>
    <ClCompile Include="GameManager.cpp">
      <Filter>GameObject</Filter>
    </ClCompile>
    <ClCompile Include="NormalStageScene.cpp">
      <Filter>Scene</Filter>
    </ClCompile>
    <ClCompile Include="Eri.cpp">
      <Filter>GameObject\Eri</Filter>
    </ClCompile>
    <ClCompile Include="DefaultGunBullet.cpp">
      <Filter>GameObject\Eri\Bullet</Filter>
    </ClCompile>
    <ClCompile Include="Weapon.cpp">
      <Filter>GameObject\Eri</Filter>
    </ClCompile>
  </ItemGroup>
  <ItemGroup>
    <ResourceCompile Include="winAPI Portfolio.rc">
      <Filter>리소스 파일</Filter>
    </ResourceCompile>
  </ItemGroup>
  <ItemGroup>
    <Image Include="small.ico">
      <Filter>리소스 파일</Filter>
    </Image>
    <Image Include="winAPI Portfolio.ico">
      <Filter>리소스 파일</Filter>
    </Image>
  </ItemGroup>
</Project>